
Microsoft Visual Studio Solution File, Format Version 12.00
# Visual Studio 15
VisualStudioVersion = 15.0.27004.2008
MinimumVisualStudioVersion = 10.0.40219.1
Project("{FAE04EC0-301F-11D3-BF4B-00C04F79EFBC}") = "Pr5.2", "Pr5.2\Pr5.2.csproj", "{067E68E1-552E-4F4E-9F87-3351816FCB43}"
EndProject
Global
	GlobalSection(SolutionConfigurationPlatforms) = preSolution
		Debug|Any CPU = Debug|Any CPU
		Release|Any CPU = Release|Any CPU
	EndGlobalSection
	GlobalSection(ProjectConfigurationPlatforms) = postSolution
		{067E68E1-552E-4F4E-9F87-3351816FCB43}.Debug|Any CPU.ActiveCfg = Debug|Any CPU
		{067E68E1-552E-4F4E-9F87-3351816FCB43}.Debug|Any CPU.Build.0 = Debug|Any CPU
		{067E68E1-552E-4F4E-9F87-3351816FCB43}.Release|Any CPU.ActiveCfg = Release|Any CPU
		{067E68E1-552E-4F4E-9F87-3351816FCB43}.Release|Any CPU.Build.0 = Release|Any CPU
	EndGlobalSection
	GlobalSection(SolutionProperties) = preSolution
		HideSolutionNode = FALSE
	EndGlobalSection
	GlobalSection(ExtensibilityGlobals) = postSolution
		SolutionGuid = {0FD0573C-13F1-4813-8742-AEBF75A2317D}
	EndGlobalSection
EndGlobal
